# vx.lock - Auto-generated, do not edit manually
# Generated by vx 0.9.33

version = 2

[metadata]
generated_at = "2026-10-04T11:29:22Z"
vx_version = "0.9.33"
platform = "x86_64-pc-windows-msvc"

[tools.just]
version = "1.58.0"
source = "generic"
resolved_from = "latest"
ecosystem = "generic"
download_url = "https://github.com/casey/just/releases/download/1.58.0/just-1.58.0-x86_64-pc-windows-msvc.zip"

[tools.just.platform_urls]
darwin-arm64 = "https://github.com/casey/just/releases/download/1.58.0/just-1.58.0-aarch64-apple-darwin.tar.gz"
darwin-x64 = "https://github.com/casey/just/releases/download/1.58.0/just-1.58.0-x86_64-apple-darwin.tar.gz"
linux-arm64 = "https://github.com/casey/just/releases/download/1.58.0/just-1.58.0-aarch64-unknown-linux-musl.tar.gz"
linux-x64 = "https://github.com/casey/just/releases/download/1.58.0/just-1.58.0-x86_64-unknown-linux-musl.tar.gz"
windows-arm64 = "https://github.com/casey/just/releases/download/1.58.0/just-1.58.0-aarch64-pc-windows-msvc.zip"
windows-x64 = "https://github.com/casey/just/releases/download/1.58.0/just-1.58.0-x86_64-pc-windows-msvc.zip"

[tools.msvc]
version = "system"
source = "system"
resolved_from = "system"
ecosystem = "generic"

[tools.python]
version = "3.11.15"
source = "python"
resolved_from = "3.11.15"
ecosystem = "python"
download_url = "https://github.com/astral-sh/python-build-standalone/releases/download/20260303/cpython-3.11.15+20260303-x86_64-pc-windows-msvc-install_only_stripped.tar.gz"

[tools.python.platform_urls]
darwin-arm64 = "https://github.com/astral-sh/python-build-standalone/releases/download/20260303/cpython-3.11.15+20260303-aarch64-apple-darwin-install_only_stripped.tar.gz"
darwin-x64 = "https://github.com/astral-sh/python-build-standalone/releases/download/20260303/cpython-3.11.15+20260303-x86_64-apple-darwin-install_only_stripped.tar.gz"
linux-arm64 = "https://github.com/astral-sh/python-build-standalone/releases/download/20260303/cpython-3.11.15+20260303-aarch64-unknown-linux-gnu-install_only_stripped.tar.gz"
linux-x64 = "https://github.com/astral-sh/python-build-standalone/releases/download/20260303/cpython-3.11.15+20260303-x86_64-unknown-linux-gnu-install_only_stripped.tar.gz"
windows-x64 = "https://github.com/astral-sh/python-build-standalone/releases/download/20260303/cpython-3.11.15+20260303-x86_64-pc-windows-msvc-install_only_stripped.tar.gz"

[tools.rcedit]
version = "2.0.0"
source = "generic"
resolved_from = "2.0.0"
ecosystem = "generic"
download_url = "https://github.com/electron/rcedit/releases/download/v2.0.0/rcedit-x64.exe"

[tools.rcedit.platform_urls]
windows-arm64 = "https://github.com/electron/rcedit/releases/download/v2.0.0/rcedit-arm64.exe"
windows-x64 = "https://github.com/electron/rcedit/releases/download/v2.0.0/rcedit-x64.exe"

[tools.rust]
version = "1.95.0"
source = "provider"
resolved_from = "1.95.0"
ecosystem = "generic"
download_url = "https://static.rust-lang.org/rustup/dist/x86_64-pc-windows-msvc/rustup-init.exe"

[tools.rust.platform_urls]
darwin-arm64 = "https://static.rust-lang.org/rustup/dist/aarch64-apple-darwin/rustup-init"
darwin-x64 = "https://static.rust-lang.org/rustup/dist/x86_64-apple-darwin/rustup-init"
linux-arm64 = "https://static.rust-lang.org/rustup/dist/aarch64-unknown-linux-gnu/rustup-init"
linux-x64 = "https://static.rust-lang.org/rustup/dist/x86_64-unknown-linux-gnu/rustup-init"
windows-x64 = "https://static.rust-lang.org/rustup/dist/x86_64-pc-windows-msvc/rustup-init.exe"

[tools.uv]
version = "0.12.19"
source = "python"
resolved_from = "latest"
ecosystem = "python"
download_url = "https://github.com/astral-sh/uv/releases/download/0.12.19/uv-x86_64-pc-windows-msvc.zip"

[tools.uv.platform_urls]
darwin-arm64 = "https://github.com/astral-sh/uv/releases/download/0.12.19/uv-aarch64-apple-darwin.tar.gz"
darwin-x64 = "https://github.com/astral-sh/uv/releases/download/0.12.19/uv-x86_64-apple-darwin.tar.gz"
linux-arm64 = "https://github.com/astral-sh/uv/releases/download/0.12.19/uv-aarch64-unknown-linux-musl.tar.gz"
linux-x64 = "https://github.com/astral-sh/uv/releases/download/0.12.19/uv-x86_64-unknown-linux-musl.tar.gz"
windows-arm64 = "https://github.com/astral-sh/uv/releases/download/0.12.19/uv-aarch64-pc-windows-msvc.zip"
windows-x64 = "https://github.com/astral-sh/uv/releases/download/0.12.19/uv-x86_64-pc-windows-msvc.zip"
